
Microsoft Visual Studio Solution File, Format Version 12.00
# Visual Studio Version 16
VisualStudioVersion = 16.0.31410.357
MinimumVisualStudioVersion = 10.0.40219.1
Project("{FAE04EC0-301F-11D3-BF4B-00C04F79EFBC}") = "GameProjectDemo", "GameProjectDemo\GameProjectDemo.csproj", "{31E28AA6-CF4F-4132-98E3-D7250077E3E5}"
EndProject
Global
	GlobalSection(SolutionConfigurationPlatforms) = preSolution
		Debug|Any CPU = Debug|Any CPU
		Release|Any CPU = Release|Any CPU
	EndGlobalSection
	GlobalSection(ProjectConfigurationPlatforms) = postSolution
		{31E28AA6-CF4F-4132-98E3-D7250077E3E5}.Debug|Any CPU.ActiveCfg = Debug|Any CPU
		{31E28AA6-CF4F-4132-98E3-D7250077E3E5}.Debug|Any CPU.Build.0 = Debug|Any CPU
		{31E28AA6-CF4F-4132-98E3-D7250077E3E5}.Release|Any CPU.ActiveCfg = Release|Any CPU
		{31E28AA6-CF4F-4132-98E3-D7250077E3E5}.Release|Any CPU.Build.0 = Release|Any CPU
	EndGlobalSection
	GlobalSection(SolutionProperties) = preSolution
		HideSolutionNode = FALSE
	EndGlobalSection
	GlobalSection(ExtensibilityGlobals) = postSolution
		SolutionGuid = {275E3134-E8FC-4BB1-B2F1-7A5A40BBB1AC}
	EndGlobalSection
EndGlobal
